
Microsoft Visual Studio Solution File, Format Version 12.00
# Visual Studio Version 16
VisualStudioVersion = 16.0.30523.141
MinimumVisualStudioVersion = 10.0.40219.1
Project("{FAE04EC0-301F-11D3-BF4B-00C04F79EFBC}") = "BeeTracker2", "BeeTracker2.csproj", "{9E561CAA-8F9B-41DD-A91D-E1C9F5753E08}"
EndProject
Project("{FAE04EC0-301F-11D3-BF4B-00C04F79EFBC}") = "BeeTracker2.Tests", "..\BeeTracker2.Tests\BeeTracker2.Tests.csproj", "{20C075E4-D6F5-4CF8-9FCF-23C4B1AF58A5}"
EndProject
Global
	GlobalSection(SolutionConfigurationPlatforms) = preSolution
		Debug|Any CPU = Debug|Any CPU
		Release|Any CPU = Release|Any CPU
	EndGlobalSection
	GlobalSection(ProjectConfigurationPlatforms) = postSolution
		{9E561CAA-8F9B-41DD-A91D-E1C9F5753E08}.Debug|Any CPU.ActiveCfg = Debug|Any CPU
		{9E561CAA-8F9B-41DD-A91D-E1C9F5753E08}.Debug|Any CPU.Build.0 = Debug|Any CPU
		{9E561CAA-8F9B-41DD-A91D-E1C9F5753E08}.Release|Any CPU.ActiveCfg = Release|Any CPU
		{9E561CAA-8F9B-41DD-A91D-E1C9F5753E08}.Release|Any CPU.Build.0 = Release|Any CPU
		{20C075E4-D6F5-4CF8-9FCF-23C4B1AF58A5}.Debug|Any CPU.ActiveCfg = Debug|Any CPU
		{20C075E4-D6F5-4CF8-9FCF-23C4B1AF58A5}.Debug|Any CPU.Build.0 = Debug|Any CPU
		{20C075E4-D6F5-4CF8-9FCF-23C4B1AF58A5}.Release|Any CPU.ActiveCfg = Release|Any CPU
		{20C075E4-D6F5-4CF8-9FCF-23C4B1AF58A5}.Release|Any CPU.Build.0 = Release|Any CPU
	EndGlobalSection
	GlobalSection(SolutionProperties) = preSolution
		HideSolutionNode = FALSE
	EndGlobalSection
	GlobalSection(ExtensibilityGlobals) = postSolution
		SolutionGuid = {D7DAE43E-9A2C-41FB-8C72-C148EB7D082E}
	EndGlobalSection
EndGlobal
